<?xml version="1.0" encoding="utf-8"?>
<Project ToolsVersion="4.0" xmlns="http://schemas.microsoft.com/developer/msbuild/2003">
  <ItemGroup>
    <Filter Include="Header Files">
      <UniqueIdentifier>{2f2c4a75-f563-4eda-81a8-99f05e978394}</UniqueIdentifier>
    </Filter>
    <Filter Include="Source Files">
      <UniqueIdentifier>{9dcb9da6-1c85-40b9-b875-9bdf9575be2d}</UniqueIdentifier>
    </Filter>
    <Filter Include="Resource Files">
      <UniqueIdentifier>{e05e69ea-955c-4c2c-83f8-ff30c0007387}</UniqueIdentifier>
    </Filter>
    <Filter Include="Header Files\libssh">
      <UniqueIdentifier>{50a94cac-8683-4916-8f43-8df5dd505148}</UniqueIdentifier>
    </Filter>
    <Filter Include="Source Files\external">
      <UniqueIdentifier>{1ac7443e-89b4-4171-b791-b6dae493a625}</UniqueIdentifier>
    </Filter>
    <Filter Include="Source Files\threads">
      <UniqueIdentifier>{c96b86d0-62be-4a12-a8a6-e1dcdf853d65}</UniqueIdentifier>
    </Filter>
  </ItemGroup>
  <ItemGroup>
    <ClCompile Include="..\src\callbacks.c">
      <Filter>Source Files</Filter>
    </ClCompile>
    <ClCompile Include="..\src\channels.c">
      <Filter>Source Files</Filter>
    </ClCompile>
    <ClCompile Include="..\src\client.c">
      <Filter>Source Files</Filter>
    </ClCompile>
    <ClCompile Include="..\src\config.c">
      <Filter>Source Files</Filter>
    </ClCompile>
    <ClCompile Include="..\src\connect.c">
      <Filter>Source Files</Filter>
    </ClCompile>
    <ClCompile Include="..\src\dh.c">
      <Filter>Source Files</Filter>
    </ClCompile>
    <ClCompile Include="..\src\error.c">
      <Filter>Source Files</Filter>
    </ClCompile>
    <ClCompile Include="..\src\getpass.c">
      <Filter>Source Files</Filter>
    </ClCompile>
    <ClCompile Include="..\src\gzip.c">
      <Filter>Source Files</Filter>
    </ClCompile>
    <ClCompile Include="..\src\init.c">
      <Filter>Source Files</Filter>
    </ClCompile>
    <ClCompile Include="..\src\kex.c">
      <Filter>Source Files</Filter>
    </ClCompile>
    <ClCompile Include="..\src\known_hosts.c">
      <Filter>Source Files</Filter>
    </ClCompile>
    <ClCompile Include="..\src\legacy.c">
      <Filter>Source Files</Filter>
    </ClCompile>
    <ClCompile Include="..\src\log.c">
      <Filter>Source Files</Filter>
    </ClCompile>
    <ClCompile Include="..\src\match.c">
      <Filter>Source Files</Filter>
    </ClCompile>
    <ClCompile Include="..\src\messages.c">
      <Filter>Source Files</Filter>
    </ClCompile>
    <ClCompile Include="..\src\misc.c">
      <Filter>Source Files</Filter>
    </ClCompile>
    <ClCompile Include="..\src\options.c">
      <Filter>Source Files</Filter>
    </ClCompile>
    <ClCompile Include="..\src\packet.c">
      <Filter>Source Files</Filter>
    </ClCompile>
    <ClCompile Include="..\src\pcap.c">
      <Filter>Source Files</Filter>
    </ClCompile>
    <ClCompile Include="..\src\pki.c">
      <Filter>Source Files</Filter>
    </ClCompile>
    <ClCompile Include="..\src\poll.c">
      <Filter>Source Files</Filter>
    </ClCompile>
    <ClCompile Include="..\src\scp.c">
      <Filter>Source Files</Filter>
    </ClCompile>
    <ClCompile Include="..\src\server.c">
      <Filter>Source Files</Filter>
    </ClCompile>
    <ClCompile Include="..\src\session.c">
      <Filter>Source Files</Filter>
    </ClCompile>
    <ClCompile Include="..\src\sftp.c">
      <Filter>Source Files</Filter>
    </ClCompile>
    <ClCompile Include="..\src\sftpserver.c">
      <Filter>Source Files</Filter>
    </ClCompile>
    <ClCompile Include="..\src\socket.c">
      <Filter>Source Files</Filter>
    </ClCompile>
    <ClCompile Include="..\src\string.c">
      <Filter>Source Files</Filter>
    </ClCompile>
    <ClCompile Include="..\src\threads.c">
      <Filter>Source Files</Filter>
    </ClCompile>
    <ClCompile Include="..\src\wrapper.c">
      <Filter>Source Files</Filter>
    </ClCompile>
    <ClCompile Include="..\src\agent.c">
      <Filter>Source Files</Filter>
    </ClCompile>
    <ClCompile Include="..\src\auth.c">
      <Filter>Source Files</Filter>
    </ClCompile>
    <ClCompile Include="..\src\base64.c">
      <Filter>Source Files</Filter>
    </ClCompile>
    <ClCompile Include="..\src\bind.c">
      <Filter>Source Files</Filter>
    </ClCompile>
    <ClCompile Include="..\src\buffer.c">
      <Filter>Source Files</Filter>
    </ClCompile>
    <ClCompile Include="..\src\ecdh.c">
      <Filter>Source Files</Filter>
    </ClCompile>
    <ClCompile Include="..\src\curve25519.c">
      <Filter>Source Files</Filter>
    </ClCompile>
    <ClCompile Include="..\src\packet_cb.c">
      <Filter>Source Files</Filter>
    </ClCompile>
    <ClCompile Include="..\src\packet_crypt.c">
      <Filter>Source Files</Filter>
    </ClCompile>
    <ClCompile Include="..\src\pki_gcrypt.c">
      <Filter>Source Files</Filter>
    </ClCompile>
    <ClCompile Include="..\src\libgcrypt.c">
      <Filter>Source Files</Filter>
    </ClCompile>
    <ClCompile Include="..\src\gcrypt_missing.c">
      <Filter>Source Files</Filter>
    </ClCompile>
    <ClCompile Include="..\src\bignum.c">
      <Filter>Source Files</Filter>
    </ClCompile>
    <ClCompile Include="..\src\pki_ed25519.c">
      <Filter>Source Files</Filter>
    </ClCompile>
    <ClCompile Include="..\src\pki_container_openssh.c">
      <Filter>Source Files</Filter>
    </ClCompile>
    <ClCompile Include="..\src\external\ge25519.c">
      <Filter>Source Files\external</Filter>
    </ClCompile>
    <ClCompile Include="..\src\external\sc25519.c">
      <Filter>Source Files\external</Filter>
    </ClCompile>
    <ClCompile Include="..\src\external\bcrypt_pbkdf.c">
      <Filter>Source Files\external</Filter>
    </ClCompile>
    <ClCompile Include="..\src\external\blowfish.c">
      <Filter>Source Files\external</Filter>
    </ClCompile>
    <ClCompile Include="..\src\external\curve25519_ref.c">
      <Filter>Source Files\external</Filter>
    </ClCompile>
    <ClCompile Include="..\src\external\ed25519.c">
      <Filter>Source Files\external</Filter>
    </ClCompile>
    <ClCompile Include="..\src\external\fe25519.c">
      <Filter>Source Files\external</Filter>
    </ClCompile>
    <ClCompile Include="..\src\connector.c">
      <Filter>Source Files</Filter>
    </ClCompile>
    <ClCompile Include="..\src\knownhosts.c">
      <Filter>Source Files</Filter>
    </ClCompile>
    <ClCompile Include="..\src\external\chacha.c">
      <Filter>Source Files\external</Filter>
    </ClCompile>
    <ClCompile Include="..\src\external\poly1305.c">
      <Filter>Source Files\external</Filter>
    </ClCompile>
    <ClCompile Include="..\src\chachapoly.c">
      <Filter>Source Files</Filter>
    </ClCompile>
    <ClCompile Include="..\src\ecdh_gcrypt.c">
      <Filter>Source Files</Filter>
    </ClCompile>
    <ClCompile Include="..\src\threads\noop.c">
      <Filter>Source Files\threads</Filter>
    </ClCompile>
    <ClCompile Include="..\src\threads\winlocks.c">
      <Filter>Source Files\threads</Filter>
    </ClCompile>
    <ClCompile Include="..\src\threads\libgcrypt.c">
      <Filter>Source Files\external</Filter>
    </ClCompile>
    <ClCompile Include="..\src\bind_config.c">
      <Filter>Source Files</Filter>
    </ClCompile>
    <ClCompile Include="..\src\config_parser.c">
      <Filter>Source Files</Filter>
    </ClCompile>
    <ClCompile Include="..\src\dh_key.c">
      <Filter>Source Files</Filter>
    </ClCompile>
    <ClCompile Include="..\src\dh-gex.c">
      <Filter>Source Files</Filter>
    </ClCompile>
    <ClCompile Include="..\src\kdf.c">
      <Filter>Source Files</Filter>
    </ClCompile>
    <ClCompile Include="..\src\token.c">
      <Filter>Source Files</Filter>
    </ClCompile>
    <ClCompile Include="..\src\pki_ed25519_common.c">
      <Filter>Source Files</Filter>
    </ClCompile>
  </ItemGroup>
  <ItemGroup>
    <ClInclude Include="..\include\libssh\agent.h">
      <Filter>Header Files\libssh</Filter>
    </ClInclude>
    <ClInclude Include="..\include\libssh\auth.h">
      <Filter>Header Files\libssh</Filter>
    </ClInclude>
    <ClInclude Include="..\include\libssh\bind.h">
      <Filter>Header Files\libssh</Filter>
    </ClInclude>
    <ClInclude Include="..\include\libssh\buffer.h">
      <Filter>Header Files\libssh</Filter>
    </ClInclude>
    <ClInclude Include="..\include\libssh\callbacks.h">
      <Filter>Header Files\libssh</Filter>
    </ClInclude>
    <ClInclude Include="..\include\libssh\channels.h">
      <Filter>Header Files\libssh</Filter>
    </ClInclude>
    <ClInclude Include="..\include\libssh\crypto.h">
      <Filter>Header Files\libssh</Filter>
    </ClInclude>
    <ClInclude Include="..\include\libssh\curve25519.h">
      <Filter>Header Files\libssh</Filter>
    </ClInclude>
    <ClInclude Include="..\include\libssh\dh.h">
      <Filter>Header Files\libssh</Filter>
    </ClInclude>
    <ClInclude Include="..\include\libssh\ecdh.h">
      <Filter>Header Files\libssh</Filter>
    </ClInclude>
    <ClInclude Include="..\include\libssh\kex.h">
      <Filter>Header Files\libssh</Filter>
    </ClInclude>
    <ClInclude Include="..\include\libssh\keys.h">
      <Filter>Header Files\libssh</Filter>
    </ClInclude>
    <ClInclude Include="..\include\libssh\legacy.h">
      <Filter>Header Files\libssh</Filter>
    </ClInclude>
    <ClInclude Include="..\include\libssh\libcrypto.h">
      <Filter>Header Files\libssh</Filter>
    </ClInclude>
    <ClInclude Include="..\include\libssh\libssh.h">
      <Filter>Header Files\libssh</Filter>
    </ClInclude>
    <ClInclude Include="..\include\libssh\messages.h">
      <Filter>Header Files\libssh</Filter>
    </ClInclude>
    <ClInclude Include="..\include\libssh\misc.h">
      <Filter>Header Files\libssh</Filter>
    </ClInclude>
    <ClInclude Include="..\include\libssh\options.h">
      <Filter>Header Files\libssh</Filter>
    </ClInclude>
    <ClInclude Include="..\include\libssh\packet.h">
      <Filter>Header Files\libssh</Filter>
    </ClInclude>
    <ClInclude Include="..\include\libssh\pcap.h">
      <Filter>Header Files\libssh</Filter>
    </ClInclude>
    <ClInclude Include="..\include\libssh\pki.h">
      <Filter>Header Files\libssh</Filter>
    </ClInclude>
    <ClInclude Include="..\include\libssh\pki_priv.h">
      <Filter>Header Files\libssh</Filter>
    </ClInclude>
    <ClInclude Include="..\include\libssh\poll.h">
      <Filter>Header Files\libssh</Filter>
    </ClInclude>
    <ClInclude Include="..\include\libssh\priv.h">
      <Filter>Header Files\libssh</Filter>
    </ClInclude>
    <ClInclude Include="..\include\libssh\scp.h">
      <Filter>Header Files\libssh</Filter>
    </ClInclude>
    <ClInclude Include="..\include\libssh\server.h">
      <Filter>Header Files\libssh</Filter>
    </ClInclude>
    <ClInclude Include="..\include\libssh\session.h">
      <Filter>Header Files\libssh</Filter>
    </ClInclude>
    <ClInclude Include="..\include\libssh\sftp.h">
      <Filter>Header Files\libssh</Filter>
    </ClInclude>
    <ClInclude Include="..\include\libssh\socket.h">
      <Filter>Header Files\libssh</Filter>
    </ClInclude>
    <ClInclude Include="..\include\libssh\ssh2.h">
      <Filter>Header Files\libssh</Filter>
    </ClInclude>
    <ClInclude Include="..\include\libssh\string.h">
      <Filter>Header Files\libssh</Filter>
    </ClInclude>
    <ClInclude Include="..\include\libssh\threads.h">
      <Filter>Header Files\libssh</Filter>
    </ClInclude>
    <ClInclude Include="..\include\libssh\wrapper.h">
      <Filter>Header Files\libssh</Filter>
    </ClInclude>
    <ClInclude Include="config.h">
      <Filter>Header Files</Filter>
    </ClInclude>
    <ClInclude Include="..\include\libssh\ed25519.h">
      <Filter>Header Files\libssh</Filter>
    </ClInclude>
    <ClInclude Include="..\include\libssh\fe25519.h">
      <Filter>Header Files\libssh</Filter>
    </ClInclude>
    <ClInclude Include="..\include\libssh\ge25519.h">
      <Filter>Header Files\libssh</Filter>
    </ClInclude>
    <ClInclude Include="..\include\libssh\sc25519.h">
      <Filter>Header Files\libssh</Filter>
    </ClInclude>
    <ClInclude Include="..\include\libssh\bignum.h">
      <Filter>Header Files\libssh</Filter>
    </ClInclude>
    <ClInclude Include="..\include\libssh\blf.h">
      <Filter>Header Files\libssh</Filter>
    </ClInclude>
    <ClInclude Include="..\include\libssh\chacha.h">
      <Filter>Header Files\libssh</Filter>
    </ClInclude>
    <ClInclude Include="..\include\libssh\poly1305.h">
      <Filter>Header Files\libssh</Filter>
    </ClInclude>
    <ClInclude Include="..\include\libssh\bind_config.h">
      <Filter>Header Files\libssh</Filter>
    </ClInclude>
    <ClInclude Include="..\include\libssh\bytearray.h">
      <Filter>Header Files\libssh</Filter>
    </ClInclude>
    <ClInclude Include="..\include\libssh\config.h">
      <Filter>Header Files\libssh</Filter>
    </ClInclude>
    <ClInclude Include="..\include\libssh\config_parser.h">
      <Filter>Header Files\libssh</Filter>
    </ClInclude>
    <ClInclude Include="..\include\libssh\dh-gex.h">
      <Filter>Header Files\libssh</Filter>
    </ClInclude>
    <ClInclude Include="..\include\libssh\token.h">
      <Filter>Header Files\libssh</Filter>
    </ClInclude>
  </ItemGroup>
</Project>