
Microsoft Visual Studio Solution File, Format Version 12.00
VisualStudioVersion = 12.0.30501.0
MinimumVisualStudioVersion = 12.0.30501.0
Project("{8BC9CEB8-8B4A-11D0-8D11-00A0C91BC942}") = "libssh", "libssh.vcxproj", "{17D28A05-3CF7-4F15-B19C-6495EC7579B8}"
EndProject
Global
	GlobalSection(SolutionConfigurationPlatforms) = preSolution
		Debug|x64 = Debug|x64
		Debug|x86 = Debug|x86
		DebugDLL|x64 = DebugDLL|x64
		DebugDLL|x86 = DebugDLL|x86
		DebugDLLWinRT|x64 = DebugDLLWinRT|x64
		DebugDLLWinRT|x86 = DebugDLLWinRT|x86
		DebugWinRT|x64 = DebugWinRT|x64
		DebugWinRT|x86 = DebugWinRT|x86
		Release|x64 = Release|x64
		Release|x86 = Release|x86
		ReleaseDLL|x64 = ReleaseDLL|x64
		ReleaseDLL|x86 = ReleaseDLL|x86
		ReleaseDLLStaticDeps|x64 = ReleaseDLLStaticDeps|x64
		ReleaseDLLStaticDeps|x86 = ReleaseDLLStaticDeps|x86
		ReleaseDLLWinRT|x64 = ReleaseDLLWinRT|x64
		ReleaseDLLWinRT|x86 = ReleaseDLLWinRT|x86
		ReleaseDLLWinRTStaticDeps|x64 = ReleaseDLLWinRTStaticDeps|x64
		ReleaseDLLWinRTStaticDeps|x86 = ReleaseDLLWinRTStaticDeps|x86
		ReleaseWinRT|x64 = ReleaseWinRT|x64
		ReleaseWinRT|x86 = ReleaseWinRT|x86
	EndGlobalSection
	GlobalSection(ProjectConfigurationPlatforms) = postSolution
		{17D28A05-3CF7-4F15-B19C-6495EC7579B8}.Debug|x64.ActiveCfg = Debug|x64
		{17D28A05-3CF7-4F15-B19C-6495EC7579B8}.Debug|x64.Build.0 = Debug|x64
		{17D28A05-3CF7-4F15-B19C-6495EC7579B8}.Debug|x86.ActiveCfg = Debug|Win32
		{17D28A05-3CF7-4F15-B19C-6495EC7579B8}.Debug|x86.Build.0 = Debug|Win32
		{17D28A05-3CF7-4F15-B19C-6495EC7579B8}.DebugDLL|x64.ActiveCfg = DebugDLL|x64
		{17D28A05-3CF7-4F15-B19C-6495EC7579B8}.DebugDLL|x64.Build.0 = DebugDLL|x64
		{17D28A05-3CF7-4F15-B19C-6495EC7579B8}.DebugDLL|x86.ActiveCfg = DebugDLL|Win32
		{17D28A05-3CF7-4F15-B19C-6495EC7579B8}.DebugDLL|x86.Build.0 = DebugDLL|Win32
		{17D28A05-3CF7-4F15-B19C-6495EC7579B8}.DebugDLLWinRT|x64.ActiveCfg = DebugDLLWinRT|x64
		{17D28A05-3CF7-4F15-B19C-6495EC7579B8}.DebugDLLWinRT|x64.Build.0 = DebugDLLWinRT|x64
		{17D28A05-3CF7-4F15-B19C-6495EC7579B8}.DebugDLLWinRT|x86.ActiveCfg = DebugDLLWinRT|Win32
		{17D28A05-3CF7-4F15-B19C-6495EC7579B8}.DebugDLLWinRT|x86.Build.0 = DebugDLLWinRT|Win32
		{17D28A05-3CF7-4F15-B19C-6495EC7579B8}.DebugWinRT|x64.ActiveCfg = DebugWinRT|x64
		{17D28A05-3CF7-4F15-B19C-6495EC7579B8}.DebugWinRT|x64.Build.0 = DebugWinRT|x64
		{17D28A05-3CF7-4F15-B19C-6495EC7579B8}.DebugWinRT|x86.ActiveCfg = DebugWinRT|Win32
		{17D28A05-3CF7-4F15-B19C-6495EC7579B8}.DebugWinRT|x86.Build.0 = DebugWinRT|Win32
		{17D28A05-3CF7-4F15-B19C-6495EC7579B8}.Release|x64.ActiveCfg = Release|x64
		{17D28A05-3CF7-4F15-B19C-6495EC7579B8}.Release|x64.Build.0 = Release|x64
		{17D28A05-3CF7-4F15-B19C-6495EC7579B8}.Release|x86.ActiveCfg = Release|Win32
		{17D28A05-3CF7-4F15-B19C-6495EC7579B8}.Release|x86.Build.0 = Release|Win32
		{17D28A05-3CF7-4F15-B19C-6495EC7579B8}.ReleaseDLL|x64.ActiveCfg = ReleaseDLL|x64
		{17D28A05-3CF7-4F15-B19C-6495EC7579B8}.ReleaseDLL|x64.Build.0 = ReleaseDLL|x64
		{17D28A05-3CF7-4F15-B19C-6495EC7579B8}.ReleaseDLL|x86.ActiveCfg = ReleaseDLL|Win32
		{17D28A05-3CF7-4F15-B19C-6495EC7579B8}.ReleaseDLL|x86.Build.0 = ReleaseDLL|Win32
		{17D28A05-3CF7-4F15-B19C-6495EC7579B8}.ReleaseDLLStaticDeps|x64.ActiveCfg = ReleaseDLLStaticDeps|x64
		{17D28A05-3CF7-4F15-B19C-6495EC7579B8}.ReleaseDLLStaticDeps|x64.Build.0 = ReleaseDLLStaticDeps|x64
		{17D28A05-3CF7-4F15-B19C-6495EC7579B8}.ReleaseDLLStaticDeps|x86.ActiveCfg = ReleaseDLLStaticDeps|Win32
		{17D28A05-3CF7-4F15-B19C-6495EC7579B8}.ReleaseDLLStaticDeps|x86.Build.0 = ReleaseDLLStaticDeps|Win32
		{17D28A05-3CF7-4F15-B19C-6495EC7579B8}.ReleaseDLLWinRT|x64.ActiveCfg = ReleaseDLLWinRT|x64
		{17D28A05-3CF7-4F15-B19C-6495EC7579B8}.ReleaseDLLWinRT|x64.Build.0 = ReleaseDLLWinRT|x64
		{17D28A05-3CF7-4F15-B19C-6495EC7579B8}.ReleaseDLLWinRT|x86.ActiveCfg = ReleaseDLLWinRT|Win32
		{17D28A05-3CF7-4F15-B19C-6495EC7579B8}.ReleaseDLLWinRT|x86.Build.0 = ReleaseDLLWinRT|Win32
		{17D28A05-3CF7-4F15-B19C-6495EC7579B8}.ReleaseDLLWinRTStaticDeps|x64.ActiveCfg = ReleaseDLLWinRTStaticDeps|x64
		{17D28A05-3CF7-4F15-B19C-6495EC7579B8}.ReleaseDLLWinRTStaticDeps|x64.Build.0 = ReleaseDLLWinRTStaticDeps|x64
		{17D28A05-3CF7-4F15-B19C-6495EC7579B8}.ReleaseDLLWinRTStaticDeps|x86.ActiveCfg = ReleaseDLLWinRTStaticDeps|Win32
		{17D28A05-3CF7-4F15-B19C-6495EC7579B8}.ReleaseDLLWinRTStaticDeps|x86.Build.0 = ReleaseDLLWinRTStaticDeps|Win32
		{17D28A05-3CF7-4F15-B19C-6495EC7579B8}.ReleaseWinRT|x64.ActiveCfg = ReleaseWinRT|x64
		{17D28A05-3CF7-4F15-B19C-6495EC7579B8}.ReleaseWinRT|x64.Build.0 = ReleaseWinRT|x64
		{17D28A05-3CF7-4F15-B19C-6495EC7579B8}.ReleaseWinRT|x86.ActiveCfg = ReleaseWinRT|Win32
		{17D28A05-3CF7-4F15-B19C-6495EC7579B8}.ReleaseWinRT|x86.Build.0 = ReleaseWinRT|Win32
	EndGlobalSection
	GlobalSection(SolutionProperties) = preSolution
		HideSolutionNode = FALSE
	EndGlobalSection
	GlobalSection(ExtensibilityGlobals) = postSolution
		SolutionGuid = {B17F50F0-7410-448F-99B5-98BA64C1C6D6}
	EndGlobalSection
EndGlobal
