
Microsoft Visual Studio Solution File, Format Version 12.00
VisualStudioVersion = 12.0.30501.0
MinimumVisualStudioVersion = 12.0.30501.0
Project("{8BC9CEB8-8B4A-11D0-8D11-00A0C91BC942}") = "libssh", "libssh.vcxproj", "{17D28A05-3CF7-4F15-B19C-6495EC7579B8}"
	ProjectSection(ProjectDependencies) = postProject
		{CA9A4A38-CC63-4BDB-8CFB-E058965DDA32} = {CA9A4A38-CC63-4BDB-8CFB-E058965DDA32}
		{5D7A23EF-09DE-4C75-8ED1-F783BAACFC7E} = {5D7A23EF-09DE-4C75-8ED1-F783BAACFC7E}
	EndProjectSection
EndProject
Project("{2150E333-8FDC-42A3-9474-1A3956D46DE8}") = "dependencies", "dependencies", "{4E43491D-DD99-457C-9767-7E07B1BE092E}"
EndProject
Project("{8BC9CEB8-8B4A-11D0-8D11-00A0C91BC942}") = "libgcrypt", "..\..\libgcrypt\SMP\libgcrypt.vcxproj", "{5D7A23EF-09DE-4C75-8ED1-F783BAACFC7E}"
	ProjectSection(ProjectDependencies) = postProject
		{A04A762D-A8D7-4F68-9B79-FBE63C6BE105} = {A04A762D-A8D7-4F68-9B79-FBE63C6BE105}
	EndProjectSection
EndProject
Project("{8BC9CEB8-8B4A-11D0-8D11-00A0C91BC942}") = "libzlib", "..\..\zlib\SMP\libzlib.vcxproj", "{CA9A4A38-CC63-4BDB-8CFB-E058965DDA32}"
EndProject
Project("{8BC9CEB8-8B4A-11D0-8D11-00A0C91BC942}") = "libgpg-error", "..\..\libgpg-error\SMP\libgpg-error.vcxproj", "{A04A762D-A8D7-4F68-9B79-FBE63C6BE105}"
EndProject
Global
	GlobalSection(SolutionConfigurationPlatforms) = preSolution
		Debug|x64 = Debug|x64
		Debug|x86 = Debug|x86
		DebugDLL|x64 = DebugDLL|x64
		DebugDLL|x86 = DebugDLL|x86
		DebugDLLWinRT|x64 = DebugDLLWinRT|x64
		DebugDLLWinRT|x86 = DebugDLLWinRT|x86
		DebugWinRT|x64 = DebugWinRT|x64
		DebugWinRT|x86 = DebugWinRT|x86
		Release|x64 = Release|x64
		Release|x86 = Release|x86
		ReleaseDLL|x64 = ReleaseDLL|x64
		ReleaseDLL|x86 = ReleaseDLL|x86
		ReleaseDLLStaticDeps|x64 = ReleaseDLLStaticDeps|x64
		ReleaseDLLStaticDeps|x86 = ReleaseDLLStaticDeps|x86
		ReleaseDLLWinRT|x64 = ReleaseDLLWinRT|x64
		ReleaseDLLWinRT|x86 = ReleaseDLLWinRT|x86
		ReleaseDLLWinRTStaticDeps|x64 = ReleaseDLLWinRTStaticDeps|x64
		ReleaseDLLWinRTStaticDeps|x86 = ReleaseDLLWinRTStaticDeps|x86
		ReleaseWinRT|x64 = ReleaseWinRT|x64
		ReleaseWinRT|x86 = ReleaseWinRT|x86
	EndGlobalSection
	GlobalSection(ProjectConfigurationPlatforms) = postSolution
		{17D28A05-3CF7-4F15-B19C-6495EC7579B8}.Debug|x64.ActiveCfg = Debug|x64
		{17D28A05-3CF7-4F15-B19C-6495EC7579B8}.Debug|x64.Build.0 = Debug|x64
		{17D28A05-3CF7-4F15-B19C-6495EC7579B8}.Debug|x86.ActiveCfg = Debug|Win32
		{17D28A05-3CF7-4F15-B19C-6495EC7579B8}.Debug|x86.Build.0 = Debug|Win32
		{17D28A05-3CF7-4F15-B19C-6495EC7579B8}.DebugDLL|x64.ActiveCfg = DebugDLL|x64
		{17D28A05-3CF7-4F15-B19C-6495EC7579B8}.DebugDLL|x64.Build.0 = DebugDLL|x64
		{17D28A05-3CF7-4F15-B19C-6495EC7579B8}.DebugDLL|x86.ActiveCfg = DebugDLL|Win32
		{17D28A05-3CF7-4F15-B19C-6495EC7579B8}.DebugDLL|x86.Build.0 = DebugDLL|Win32
		{17D28A05-3CF7-4F15-B19C-6495EC7579B8}.DebugDLLWinRT|x64.ActiveCfg = DebugDLLWinRT|x64
		{17D28A05-3CF7-4F15-B19C-6495EC7579B8}.DebugDLLWinRT|x64.Build.0 = DebugDLLWinRT|x64
		{17D28A05-3CF7-4F15-B19C-6495EC7579B8}.DebugDLLWinRT|x86.ActiveCfg = DebugDLLWinRT|Win32
		{17D28A05-3CF7-4F15-B19C-6495EC7579B8}.DebugDLLWinRT|x86.Build.0 = DebugDLLWinRT|Win32
		{17D28A05-3CF7-4F15-B19C-6495EC7579B8}.DebugWinRT|x64.ActiveCfg = DebugWinRT|x64
		{17D28A05-3CF7-4F15-B19C-6495EC7579B8}.DebugWinRT|x64.Build.0 = DebugWinRT|x64
		{17D28A05-3CF7-4F15-B19C-6495EC7579B8}.DebugWinRT|x86.ActiveCfg = DebugWinRT|Win32
		{17D28A05-3CF7-4F15-B19C-6495EC7579B8}.DebugWinRT|x86.Build.0 = DebugWinRT|Win32
		{17D28A05-3CF7-4F15-B19C-6495EC7579B8}.Release|x64.ActiveCfg = Release|x64
		{17D28A05-3CF7-4F15-B19C-6495EC7579B8}.Release|x64.Build.0 = Release|x64
		{17D28A05-3CF7-4F15-B19C-6495EC7579B8}.Release|x86.ActiveCfg = Release|Win32
		{17D28A05-3CF7-4F15-B19C-6495EC7579B8}.Release|x86.Build.0 = Release|Win32
		{17D28A05-3CF7-4F15-B19C-6495EC7579B8}.ReleaseDLL|x64.ActiveCfg = ReleaseDLL|x64
		{17D28A05-3CF7-4F15-B19C-6495EC7579B8}.ReleaseDLL|x64.Build.0 = ReleaseDLL|x64
		{17D28A05-3CF7-4F15-B19C-6495EC7579B8}.ReleaseDLL|x86.ActiveCfg = ReleaseDLL|Win32
		{17D28A05-3CF7-4F15-B19C-6495EC7579B8}.ReleaseDLL|x86.Build.0 = ReleaseDLL|Win32
		{17D28A05-3CF7-4F15-B19C-6495EC7579B8}.ReleaseDLLStaticDeps|x64.ActiveCfg = ReleaseDLLStaticDeps|x64
		{17D28A05-3CF7-4F15-B19C-6495EC7579B8}.ReleaseDLLStaticDeps|x64.Build.0 = ReleaseDLLStaticDeps|x64
		{17D28A05-3CF7-4F15-B19C-6495EC7579B8}.ReleaseDLLStaticDeps|x86.ActiveCfg = ReleaseDLLStaticDeps|Win32
		{17D28A05-3CF7-4F15-B19C-6495EC7579B8}.ReleaseDLLStaticDeps|x86.Build.0 = ReleaseDLLStaticDeps|Win32
		{17D28A05-3CF7-4F15-B19C-6495EC7579B8}.ReleaseDLLWinRT|x64.ActiveCfg = ReleaseDLLWinRT|x64
		{17D28A05-3CF7-4F15-B19C-6495EC7579B8}.ReleaseDLLWinRT|x64.Build.0 = ReleaseDLLWinRT|x64
		{17D28A05-3CF7-4F15-B19C-6495EC7579B8}.ReleaseDLLWinRT|x86.ActiveCfg = ReleaseDLLWinRT|Win32
		{17D28A05-3CF7-4F15-B19C-6495EC7579B8}.ReleaseDLLWinRT|x86.Build.0 = ReleaseDLLWinRT|Win32
		{17D28A05-3CF7-4F15-B19C-6495EC7579B8}.ReleaseDLLWinRTStaticDeps|x64.ActiveCfg = ReleaseDLLWinRTStaticDeps|x64
		{17D28A05-3CF7-4F15-B19C-6495EC7579B8}.ReleaseDLLWinRTStaticDeps|x64.Build.0 = ReleaseDLLWinRTStaticDeps|x64
		{17D28A05-3CF7-4F15-B19C-6495EC7579B8}.ReleaseDLLWinRTStaticDeps|x86.ActiveCfg = ReleaseDLLWinRTStaticDeps|Win32
		{17D28A05-3CF7-4F15-B19C-6495EC7579B8}.ReleaseDLLWinRTStaticDeps|x86.Build.0 = ReleaseDLLWinRTStaticDeps|Win32
		{17D28A05-3CF7-4F15-B19C-6495EC7579B8}.ReleaseWinRT|x64.ActiveCfg = ReleaseWinRT|x64
		{17D28A05-3CF7-4F15-B19C-6495EC7579B8}.ReleaseWinRT|x64.Build.0 = ReleaseWinRT|x64
		{17D28A05-3CF7-4F15-B19C-6495EC7579B8}.ReleaseWinRT|x86.ActiveCfg = ReleaseWinRT|Win32
		{17D28A05-3CF7-4F15-B19C-6495EC7579B8}.ReleaseWinRT|x86.Build.0 = ReleaseWinRT|Win32
		{5D7A23EF-09DE-4C75-8ED1-F783BAACFC7E}.Debug|x64.ActiveCfg = Debug|x64
		{5D7A23EF-09DE-4C75-8ED1-F783BAACFC7E}.Debug|x64.Build.0 = Debug|x64
		{5D7A23EF-09DE-4C75-8ED1-F783BAACFC7E}.Debug|x86.ActiveCfg = Debug|Win32
		{5D7A23EF-09DE-4C75-8ED1-F783BAACFC7E}.Debug|x86.Build.0 = Debug|Win32
		{5D7A23EF-09DE-4C75-8ED1-F783BAACFC7E}.DebugDLL|x64.ActiveCfg = DebugDLL|x64
		{5D7A23EF-09DE-4C75-8ED1-F783BAACFC7E}.DebugDLL|x64.Build.0 = DebugDLL|x64
		{5D7A23EF-09DE-4C75-8ED1-F783BAACFC7E}.DebugDLL|x86.ActiveCfg = DebugDLL|Win32
		{5D7A23EF-09DE-4C75-8ED1-F783BAACFC7E}.DebugDLL|x86.Build.0 = DebugDLL|Win32
		{5D7A23EF-09DE-4C75-8ED1-F783BAACFC7E}.DebugDLLWinRT|x64.ActiveCfg = DebugDLLWinRT|x64
		{5D7A23EF-09DE-4C75-8ED1-F783BAACFC7E}.DebugDLLWinRT|x64.Build.0 = DebugDLLWinRT|x64
		{5D7A23EF-09DE-4C75-8ED1-F783BAACFC7E}.DebugDLLWinRT|x86.ActiveCfg = DebugDLLWinRT|Win32
		{5D7A23EF-09DE-4C75-8ED1-F783BAACFC7E}.DebugDLLWinRT|x86.Build.0 = DebugDLLWinRT|Win32
		{5D7A23EF-09DE-4C75-8ED1-F783BAACFC7E}.DebugWinRT|x64.ActiveCfg = DebugWinRT|x64
		{5D7A23EF-09DE-4C75-8ED1-F783BAACFC7E}.DebugWinRT|x64.Build.0 = DebugWinRT|x64
		{5D7A23EF-09DE-4C75-8ED1-F783BAACFC7E}.DebugWinRT|x86.ActiveCfg = DebugWinRT|Win32
		{5D7A23EF-09DE-4C75-8ED1-F783BAACFC7E}.DebugWinRT|x86.Build.0 = DebugWinRT|Win32
		{5D7A23EF-09DE-4C75-8ED1-F783BAACFC7E}.Release|x64.ActiveCfg = Release|x64
		{5D7A23EF-09DE-4C75-8ED1-F783BAACFC7E}.Release|x64.Build.0 = Release|x64
		{5D7A23EF-09DE-4C75-8ED1-F783BAACFC7E}.Release|x86.ActiveCfg = Release|Win32
		{5D7A23EF-09DE-4C75-8ED1-F783BAACFC7E}.Release|x86.Build.0 = Release|Win32
		{5D7A23EF-09DE-4C75-8ED1-F783BAACFC7E}.ReleaseDLL|x64.ActiveCfg = ReleaseDLL|x64
		{5D7A23EF-09DE-4C75-8ED1-F783BAACFC7E}.ReleaseDLL|x64.Build.0 = ReleaseDLL|x64
		{5D7A23EF-09DE-4C75-8ED1-F783BAACFC7E}.ReleaseDLL|x86.ActiveCfg = ReleaseDLL|Win32
		{5D7A23EF-09DE-4C75-8ED1-F783BAACFC7E}.ReleaseDLL|x86.Build.0 = ReleaseDLL|Win32
		{5D7A23EF-09DE-4C75-8ED1-F783BAACFC7E}.ReleaseDLLStaticDeps|x64.ActiveCfg = Release|x64
		{5D7A23EF-09DE-4C75-8ED1-F783BAACFC7E}.ReleaseDLLStaticDeps|x64.Build.0 = Release|x64
		{5D7A23EF-09DE-4C75-8ED1-F783BAACFC7E}.ReleaseDLLStaticDeps|x86.ActiveCfg = Release|Win32
		{5D7A23EF-09DE-4C75-8ED1-F783BAACFC7E}.ReleaseDLLStaticDeps|x86.Build.0 = Release|Win32
		{5D7A23EF-09DE-4C75-8ED1-F783BAACFC7E}.ReleaseDLLWinRT|x64.ActiveCfg = ReleaseDLLWinRT|x64
		{5D7A23EF-09DE-4C75-8ED1-F783BAACFC7E}.ReleaseDLLWinRT|x64.Build.0 = ReleaseDLLWinRT|x64
		{5D7A23EF-09DE-4C75-8ED1-F783BAACFC7E}.ReleaseDLLWinRT|x86.ActiveCfg = ReleaseDLLWinRT|Win32
		{5D7A23EF-09DE-4C75-8ED1-F783BAACFC7E}.ReleaseDLLWinRT|x86.Build.0 = ReleaseDLLWinRT|Win32
		{5D7A23EF-09DE-4C75-8ED1-F783BAACFC7E}.ReleaseDLLWinRTStaticDeps|x64.ActiveCfg = ReleaseWinRT|x64
		{5D7A23EF-09DE-4C75-8ED1-F783BAACFC7E}.ReleaseDLLWinRTStaticDeps|x64.Build.0 = ReleaseWinRT|x64
		{5D7A23EF-09DE-4C75-8ED1-F783BAACFC7E}.ReleaseDLLWinRTStaticDeps|x86.ActiveCfg = ReleaseWinRT|Win32
		{5D7A23EF-09DE-4C75-8ED1-F783BAACFC7E}.ReleaseDLLWinRTStaticDeps|x86.Build.0 = ReleaseWinRT|Win32
		{5D7A23EF-09DE-4C75-8ED1-F783BAACFC7E}.ReleaseWinRT|x64.ActiveCfg = ReleaseWinRT|x64
		{5D7A23EF-09DE-4C75-8ED1-F783BAACFC7E}.ReleaseWinRT|x64.Build.0 = ReleaseWinRT|x64
		{5D7A23EF-09DE-4C75-8ED1-F783BAACFC7E}.ReleaseWinRT|x86.ActiveCfg = ReleaseWinRT|Win32
		{5D7A23EF-09DE-4C75-8ED1-F783BAACFC7E}.ReleaseWinRT|x86.Build.0 = ReleaseWinRT|Win32
		{CA9A4A38-CC63-4BDB-8CFB-E058965DDA32}.Debug|x64.ActiveCfg = Debug|x64
		{CA9A4A38-CC63-4BDB-8CFB-E058965DDA32}.Debug|x64.Build.0 = Debug|x64
		{CA9A4A38-CC63-4BDB-8CFB-E058965DDA32}.Debug|x86.ActiveCfg = Debug|Win32
		{CA9A4A38-CC63-4BDB-8CFB-E058965DDA32}.Debug|x86.Build.0 = Debug|Win32
		{CA9A4A38-CC63-4BDB-8CFB-E058965DDA32}.DebugDLL|x64.ActiveCfg = DebugDLL|x64
		{CA9A4A38-CC63-4BDB-8CFB-E058965DDA32}.DebugDLL|x64.Build.0 = DebugDLL|x64
		{CA9A4A38-CC63-4BDB-8CFB-E058965DDA32}.DebugDLL|x86.ActiveCfg = DebugDLL|Win32
		{CA9A4A38-CC63-4BDB-8CFB-E058965DDA32}.DebugDLL|x86.Build.0 = DebugDLL|Win32
		{CA9A4A38-CC63-4BDB-8CFB-E058965DDA32}.DebugDLLWinRT|x64.ActiveCfg = DebugDLLWinRT|x64
		{CA9A4A38-CC63-4BDB-8CFB-E058965DDA32}.DebugDLLWinRT|x64.Build.0 = DebugDLLWinRT|x64
		{CA9A4A38-CC63-4BDB-8CFB-E058965DDA32}.DebugDLLWinRT|x86.ActiveCfg = DebugDLLWinRT|Win32
		{CA9A4A38-CC63-4BDB-8CFB-E058965DDA32}.DebugDLLWinRT|x86.Build.0 = DebugDLLWinRT|Win32
		{CA9A4A38-CC63-4BDB-8CFB-E058965DDA32}.DebugWinRT|x64.ActiveCfg = DebugWinRT|x64
		{CA9A4A38-CC63-4BDB-8CFB-E058965DDA32}.DebugWinRT|x64.Build.0 = DebugWinRT|x64
		{CA9A4A38-CC63-4BDB-8CFB-E058965DDA32}.DebugWinRT|x86.ActiveCfg = DebugWinRT|Win32
		{CA9A4A38-CC63-4BDB-8CFB-E058965DDA32}.DebugWinRT|x86.Build.0 = DebugWinRT|Win32
		{CA9A4A38-CC63-4BDB-8CFB-E058965DDA32}.Release|x64.ActiveCfg = Release|x64
		{CA9A4A38-CC63-4BDB-8CFB-E058965DDA32}.Release|x64.Build.0 = Release|x64
		{CA9A4A38-CC63-4BDB-8CFB-E058965DDA32}.Release|x86.ActiveCfg = Release|Win32
		{CA9A4A38-CC63-4BDB-8CFB-E058965DDA32}.Release|x86.Build.0 = Release|Win32
		{CA9A4A38-CC63-4BDB-8CFB-E058965DDA32}.ReleaseDLL|x64.ActiveCfg = ReleaseDLL|x64
		{CA9A4A38-CC63-4BDB-8CFB-E058965DDA32}.ReleaseDLL|x64.Build.0 = ReleaseDLL|x64
		{CA9A4A38-CC63-4BDB-8CFB-E058965DDA32}.ReleaseDLL|x86.ActiveCfg = ReleaseDLL|Win32
		{CA9A4A38-CC63-4BDB-8CFB-E058965DDA32}.ReleaseDLL|x86.Build.0 = ReleaseDLL|Win32
		{CA9A4A38-CC63-4BDB-8CFB-E058965DDA32}.ReleaseDLLStaticDeps|x64.ActiveCfg = Release|x64
		{CA9A4A38-CC63-4BDB-8CFB-E058965DDA32}.ReleaseDLLStaticDeps|x64.Build.0 = Release|x64
		{CA9A4A38-CC63-4BDB-8CFB-E058965DDA32}.ReleaseDLLStaticDeps|x86.ActiveCfg = Release|Win32
		{CA9A4A38-CC63-4BDB-8CFB-E058965DDA32}.ReleaseDLLStaticDeps|x86.Build.0 = Release|Win32
		{CA9A4A38-CC63-4BDB-8CFB-E058965DDA32}.ReleaseDLLWinRT|x64.ActiveCfg = ReleaseDLLWinRT|x64
		{CA9A4A38-CC63-4BDB-8CFB-E058965DDA32}.ReleaseDLLWinRT|x64.Build.0 = ReleaseDLLWinRT|x64
		{CA9A4A38-CC63-4BDB-8CFB-E058965DDA32}.ReleaseDLLWinRT|x86.ActiveCfg = ReleaseDLLWinRT|Win32
		{CA9A4A38-CC63-4BDB-8CFB-E058965DDA32}.ReleaseDLLWinRT|x86.Build.0 = ReleaseDLLWinRT|Win32
		{CA9A4A38-CC63-4BDB-8CFB-E058965DDA32}.ReleaseDLLWinRTStaticDeps|x64.ActiveCfg = ReleaseWinRT|x64
		{CA9A4A38-CC63-4BDB-8CFB-E058965DDA32}.ReleaseDLLWinRTStaticDeps|x64.Build.0 = ReleaseWinRT|x64
		{CA9A4A38-CC63-4BDB-8CFB-E058965DDA32}.ReleaseDLLWinRTStaticDeps|x86.ActiveCfg = ReleaseWinRT|Win32
		{CA9A4A38-CC63-4BDB-8CFB-E058965DDA32}.ReleaseDLLWinRTStaticDeps|x86.Build.0 = ReleaseWinRT|Win32
		{CA9A4A38-CC63-4BDB-8CFB-E058965DDA32}.ReleaseWinRT|x64.ActiveCfg = ReleaseWinRT|x64
		{CA9A4A38-CC63-4BDB-8CFB-E058965DDA32}.ReleaseWinRT|x64.Build.0 = ReleaseWinRT|x64
		{CA9A4A38-CC63-4BDB-8CFB-E058965DDA32}.ReleaseWinRT|x86.ActiveCfg = ReleaseWinRT|Win32
		{CA9A4A38-CC63-4BDB-8CFB-E058965DDA32}.ReleaseWinRT|x86.Build.0 = ReleaseWinRT|Win32
		{A04A762D-A8D7-4F68-9B79-FBE63C6BE105}.Debug|x64.ActiveCfg = Debug|x64
		{A04A762D-A8D7-4F68-9B79-FBE63C6BE105}.Debug|x64.Build.0 = Debug|x64
		{A04A762D-A8D7-4F68-9B79-FBE63C6BE105}.Debug|x86.ActiveCfg = Debug|Win32
		{A04A762D-A8D7-4F68-9B79-FBE63C6BE105}.Debug|x86.Build.0 = Debug|Win32
		{A04A762D-A8D7-4F68-9B79-FBE63C6BE105}.DebugDLL|x64.ActiveCfg = DebugDLL|x64
		{A04A762D-A8D7-4F68-9B79-FBE63C6BE105}.DebugDLL|x64.Build.0 = DebugDLL|x64
		{A04A762D-A8D7-4F68-9B79-FBE63C6BE105}.DebugDLL|x86.ActiveCfg = DebugDLL|Win32
		{A04A762D-A8D7-4F68-9B79-FBE63C6BE105}.DebugDLL|x86.Build.0 = DebugDLL|Win32
		{A04A762D-A8D7-4F68-9B79-FBE63C6BE105}.DebugDLLWinRT|x64.ActiveCfg = DebugDLLWinRT|x64
		{A04A762D-A8D7-4F68-9B79-FBE63C6BE105}.DebugDLLWinRT|x64.Build.0 = DebugDLLWinRT|x64
		{A04A762D-A8D7-4F68-9B79-FBE63C6BE105}.DebugDLLWinRT|x86.ActiveCfg = DebugDLLWinRT|Win32
		{A04A762D-A8D7-4F68-9B79-FBE63C6BE105}.DebugDLLWinRT|x86.Build.0 = DebugDLLWinRT|Win32
		{A04A762D-A8D7-4F68-9B79-FBE63C6BE105}.DebugWinRT|x64.ActiveCfg = DebugWinRT|x64
		{A04A762D-A8D7-4F68-9B79-FBE63C6BE105}.DebugWinRT|x64.Build.0 = DebugWinRT|x64
		{A04A762D-A8D7-4F68-9B79-FBE63C6BE105}.DebugWinRT|x86.ActiveCfg = DebugWinRT|Win32
		{A04A762D-A8D7-4F68-9B79-FBE63C6BE105}.DebugWinRT|x86.Build.0 = DebugWinRT|Win32
		{A04A762D-A8D7-4F68-9B79-FBE63C6BE105}.Release|x64.ActiveCfg = Release|x64
		{A04A762D-A8D7-4F68-9B79-FBE63C6BE105}.Release|x64.Build.0 = Release|x64
		{A04A762D-A8D7-4F68-9B79-FBE63C6BE105}.Release|x86.ActiveCfg = Release|Win32
		{A04A762D-A8D7-4F68-9B79-FBE63C6BE105}.Release|x86.Build.0 = Release|Win32
		{A04A762D-A8D7-4F68-9B79-FBE63C6BE105}.ReleaseDLL|x64.ActiveCfg = ReleaseDLL|x64
		{A04A762D-A8D7-4F68-9B79-FBE63C6BE105}.ReleaseDLL|x64.Build.0 = ReleaseDLL|x64
		{A04A762D-A8D7-4F68-9B79-FBE63C6BE105}.ReleaseDLL|x86.ActiveCfg = ReleaseDLL|Win32
		{A04A762D-A8D7-4F68-9B79-FBE63C6BE105}.ReleaseDLL|x86.Build.0 = ReleaseDLL|Win32
		{A04A762D-A8D7-4F68-9B79-FBE63C6BE105}.ReleaseDLLStaticDeps|x64.ActiveCfg = Release|x64
		{A04A762D-A8D7-4F68-9B79-FBE63C6BE105}.ReleaseDLLStaticDeps|x64.Build.0 = Release|x64
		{A04A762D-A8D7-4F68-9B79-FBE63C6BE105}.ReleaseDLLStaticDeps|x86.ActiveCfg = Release|Win32
		{A04A762D-A8D7-4F68-9B79-FBE63C6BE105}.ReleaseDLLStaticDeps|x86.Build.0 = Release|Win32
		{A04A762D-A8D7-4F68-9B79-FBE63C6BE105}.ReleaseDLLWinRT|x64.ActiveCfg = ReleaseDLLWinRT|x64
		{A04A762D-A8D7-4F68-9B79-FBE63C6BE105}.ReleaseDLLWinRT|x64.Build.0 = ReleaseDLLWinRT|x64
		{A04A762D-A8D7-4F68-9B79-FBE63C6BE105}.ReleaseDLLWinRT|x86.ActiveCfg = ReleaseDLLWinRT|Win32
		{A04A762D-A8D7-4F68-9B79-FBE63C6BE105}.ReleaseDLLWinRT|x86.Build.0 = ReleaseDLLWinRT|Win32
		{A04A762D-A8D7-4F68-9B79-FBE63C6BE105}.ReleaseDLLWinRTStaticDeps|x64.ActiveCfg = ReleaseWinRT|x64
		{A04A762D-A8D7-4F68-9B79-FBE63C6BE105}.ReleaseDLLWinRTStaticDeps|x64.Build.0 = ReleaseWinRT|x64
		{A04A762D-A8D7-4F68-9B79-FBE63C6BE105}.ReleaseDLLWinRTStaticDeps|x86.ActiveCfg = ReleaseWinRT|Win32
		{A04A762D-A8D7-4F68-9B79-FBE63C6BE105}.ReleaseDLLWinRTStaticDeps|x86.Build.0 = ReleaseWinRT|Win32
		{A04A762D-A8D7-4F68-9B79-FBE63C6BE105}.ReleaseWinRT|x64.ActiveCfg = ReleaseWinRT|x64
		{A04A762D-A8D7-4F68-9B79-FBE63C6BE105}.ReleaseWinRT|x64.Build.0 = ReleaseWinRT|x64
		{A04A762D-A8D7-4F68-9B79-FBE63C6BE105}.ReleaseWinRT|x86.ActiveCfg = ReleaseWinRT|Win32
		{A04A762D-A8D7-4F68-9B79-FBE63C6BE105}.ReleaseWinRT|x86.Build.0 = ReleaseWinRT|Win32
	EndGlobalSection
	GlobalSection(SolutionProperties) = preSolution
		HideSolutionNode = FALSE
	EndGlobalSection
	GlobalSection(NestedProjects) = preSolution
		{5D7A23EF-09DE-4C75-8ED1-F783BAACFC7E} = {4E43491D-DD99-457C-9767-7E07B1BE092E}
		{CA9A4A38-CC63-4BDB-8CFB-E058965DDA32} = {4E43491D-DD99-457C-9767-7E07B1BE092E}
		{A04A762D-A8D7-4F68-9B79-FBE63C6BE105} = {4E43491D-DD99-457C-9767-7E07B1BE092E}
	EndGlobalSection
	GlobalSection(ExtensibilityGlobals) = postSolution
		SolutionGuid = {B7C9C2EB-0768-4FEF-B368-D9FE4A3BC853}
	EndGlobalSection
EndGlobal
